
Microsoft Visual Studio Solution File, Format Version 12.00
# Visual Studio 15
VisualStudioVersion = 15.0.27130.2010
MinimumVisualStudioVersion = 10.0.40219.1
Project("{FAE04EC0-301F-11D3-BF4B-00C04F79EFBC}") = "dockersampleapp6", "dockersampleapp6\dockersampleapp6.csproj", "{10BDD9A5-23BC-42DA-A906-21F7DC6E7A3B}"
EndProject
Project("{E53339B2-1760-4266-BCC7-CA923CBCF16C}") = "docker-compose", "docker-compose.dcproj", "{CCC6EDF2-9A40-4B8F-A0FC-0344A9267837}"
EndProject
Global
	GlobalSection(SolutionConfigurationPlatforms) = preSolution
		Debug|Any CPU = Debug|Any CPU
		Release|Any CPU = Release|Any CPU
	EndGlobalSection
	GlobalSection(ProjectConfigurationPlatforms) = postSolution
		{10BDD9A5-23BC-42DA-A906-21F7DC6E7A3B}.Debug|Any CPU.ActiveCfg = Debug|Any CPU
		{10BDD9A5-23BC-42DA-A906-21F7DC6E7A3B}.Debug|Any CPU.Build.0 = Debug|Any CPU
		{10BDD9A5-23BC-42DA-A906-21F7DC6E7A3B}.Release|Any CPU.ActiveCfg = Release|Any CPU
		{10BDD9A5-23BC-42DA-A906-21F7DC6E7A3B}.Release|Any CPU.Build.0 = Release|Any CPU
		{CCC6EDF2-9A40-4B8F-A0FC-0344A9267837}.Debug|Any CPU.ActiveCfg = Debug|Any CPU
		{CCC6EDF2-9A40-4B8F-A0FC-0344A9267837}.Debug|Any CPU.Build.0 = Debug|Any CPU
		{CCC6EDF2-9A40-4B8F-A0FC-0344A9267837}.Release|Any CPU.ActiveCfg = Release|Any CPU
		{CCC6EDF2-9A40-4B8F-A0FC-0344A9267837}.Release|Any CPU.Build.0 = Release|Any CPU
	EndGlobalSection
	GlobalSection(SolutionProperties) = preSolution
		HideSolutionNode = FALSE
	EndGlobalSection
	GlobalSection(ExtensibilityGlobals) = postSolution
		SolutionGuid = {3240A76C-F31D-4940-8929-71F2A5C54C32}
	EndGlobalSection
EndGlobal
